
Microsoft Visual Studio Solution File, Format Version 12.00
# Visual Studio Version 17
VisualStudioVersion = 17.6.33801.468
MinimumVisualStudioVersion = 10.0.40219.1
Project("{9A19103F-16F7-4668-BE54-9A1E7A4F7556}") = "HireMeNow_WebApi", "HireMeNow_WebApi\HireMeNow_WebApi.csproj", "{DEF3E438-C6E2-4D1D-8CAD-29C573003FE9}"
EndProject
Project("{9A19103F-16F7-4668-BE54-9A1E7A4F7556}") = "Domain", "Domain\Domain.csproj", "{A35C53B1-7457-47CE-9A40-1E061367D87D}"
EndProject
Project("{9A19103F-16F7-4668-BE54-9A1E7A4F7556}") = "Infrastructure", "Infrastructure\Infrastructure.csproj", "{2185987A-AF40-46B8-ACDC-5779A391D3F2}"
EndProject
Project("{9A19103F-16F7-4668-BE54-9A1E7A4F7556}") = "Shared", "Shared\Shared.csproj", "{9A767125-B226-4F68-96CD-ECCFB95BFA4A}"
EndProject
Project("{9A19103F-16F7-4668-BE54-9A1E7A4F7556}") = "Middleware", "Middleware\Middleware.csproj", "{556640EF-E22B-44EF-A2C2-E11B634683B3}"
EndProject
Project("{9A19103F-16F7-4668-BE54-9A1E7A4F7556}") = "Application", "Application\Application.csproj", "{746B8B7B-F953-420E-8E18-2A9BE198C877}"
EndProject
Global
	GlobalSection(SolutionConfigurationPlatforms) = preSolution
		Debug|Any CPU = Debug|Any CPU
		Release|Any CPU = Release|Any CPU
	EndGlobalSection
	GlobalSection(ProjectConfigurationPlatforms) = postSolution
		{DEF3E438-C6E2-4D1D-8CAD-29C573003FE9}.Debug|Any CPU.ActiveCfg = Debug|Any CPU
		{DEF3E438-C6E2-4D1D-8CAD-29C573003FE9}.Debug|Any CPU.Build.0 = Debug|Any CPU
		{DEF3E438-C6E2-4D1D-8CAD-29C573003FE9}.Release|Any CPU.ActiveCfg = Release|Any CPU
		{DEF3E438-C6E2-4D1D-8CAD-29C573003FE9}.Release|Any CPU.Build.0 = Release|Any CPU
		{A35C53B1-7457-47CE-9A40-1E061367D87D}.Debug|Any CPU.ActiveCfg = Debug|Any CPU
		{A35C53B1-7457-47CE-9A40-1E061367D87D}.Debug|Any CPU.Build.0 = Debug|Any CPU
		{A35C53B1-7457-47CE-9A40-1E061367D87D}.Release|Any CPU.ActiveCfg = Release|Any CPU
		{A35C53B1-7457-47CE-9A40-1E061367D87D}.Release|Any CPU.Build.0 = Release|Any CPU
		{2185987A-AF40-46B8-ACDC-5779A391D3F2}.Debug|Any CPU.ActiveCfg = Debug|Any CPU
		{2185987A-AF40-46B8-ACDC-5779A391D3F2}.Debug|Any CPU.Build.0 = Debug|Any CPU
		{2185987A-AF40-46B8-ACDC-5779A391D3F2}.Release|Any CPU.ActiveCfg = Release|Any CPU
		{2185987A-AF40-46B8-ACDC-5779A391D3F2}.Release|Any CPU.Build.0 = Release|Any CPU
		{9A767125-B226-4F68-96CD-ECCFB95BFA4A}.Debug|Any CPU.ActiveCfg = Debug|Any CPU
		{9A767125-B226-4F68-96CD-ECCFB95BFA4A}.Debug|Any CPU.Build.0 = Debug|Any CPU
		{9A767125-B226-4F68-96CD-ECCFB95BFA4A}.Release|Any CPU.ActiveCfg = Release|Any CPU
		{9A767125-B226-4F68-96CD-ECCFB95BFA4A}.Release|Any CPU.Build.0 = Release|Any CPU
		{556640EF-E22B-44EF-A2C2-E11B634683B3}.Debug|Any CPU.ActiveCfg = Debug|Any CPU
		{556640EF-E22B-44EF-A2C2-E11B634683B3}.Debug|Any CPU.Build.0 = Debug|Any CPU
		{556640EF-E22B-44EF-A2C2-E11B634683B3}.Release|Any CPU.ActiveCfg = Release|Any CPU
		{556640EF-E22B-44EF-A2C2-E11B634683B3}.Release|Any CPU.Build.0 = Release|Any CPU
		{746B8B7B-F953-420E-8E18-2A9BE198C877}.Debug|Any CPU.ActiveCfg = Debug|Any CPU
		{746B8B7B-F953-420E-8E18-2A9BE198C877}.Debug|Any CPU.Build.0 = Debug|Any CPU
		{746B8B7B-F953-420E-8E18-2A9BE198C877}.Release|Any CPU.ActiveCfg = Release|Any CPU
		{746B8B7B-F953-420E-8E18-2A9BE198C877}.Release|Any CPU.Build.0 = Release|Any CPU
	EndGlobalSection
	GlobalSection(SolutionProperties) = preSolution
		HideSolutionNode = FALSE
	EndGlobalSection
	GlobalSection(ExtensibilityGlobals) = postSolution
		SolutionGuid = {E476F90E-1299-454E-9E14-CC7478552B04}
	EndGlobalSection
EndGlobal
